
Microsoft Visual Studio Solution File, Format Version 12.00
# Visual Studio 15
VisualStudioVersion = 15.0.27428.2015
MinimumVisualStudioVersion = 10.0.40219.1
Project("{FAE04EC0-301F-11D3-BF4B-00C04F79EFBC}") = "FirstThingsFirst", "FirstThingsFirst\FirstThingsFirst.csproj", "{EF42C07A-A024-4A18-BC66-516242F601C2}"
EndProject
Project("{FAE04EC0-301F-11D3-BF4B-00C04F79EFBC}") = "FirstThingsFirs.Services", "FirstThingsFirs.Services\FirstThingsFirs.Services.csproj", "{A76DB34C-2AD8-4048-A515-C9FC37C6C676}"
EndProject
Project("{FAE04EC0-301F-11D3-BF4B-00C04F79EFBC}") = "FirstThingsFirst.Models", "FirstThingsFirst.Models\FirstThingsFirst.Models.csproj", "{A6BB5318-5C21-4397-B6CD-37C084FC6A83}"
EndProject
Global
	GlobalSection(SolutionConfigurationPlatforms) = preSolution
		Debug|Any CPU = Debug|Any CPU
		Release|Any CPU = Release|Any CPU
	EndGlobalSection
	GlobalSection(ProjectConfigurationPlatforms) = postSolution
		{EF42C07A-A024-4A18-BC66-516242F601C2}.Debug|Any CPU.ActiveCfg = Debug|Any CPU
		{EF42C07A-A024-4A18-BC66-516242F601C2}.Debug|Any CPU.Build.0 = Debug|Any CPU
		{EF42C07A-A024-4A18-BC66-516242F601C2}.Release|Any CPU.ActiveCfg = Release|Any CPU
		{EF42C07A-A024-4A18-BC66-516242F601C2}.Release|Any CPU.Build.0 = Release|Any CPU
		{A76DB34C-2AD8-4048-A515-C9FC37C6C676}.Debug|Any CPU.ActiveCfg = Debug|Any CPU
		{A76DB34C-2AD8-4048-A515-C9FC37C6C676}.Debug|Any CPU.Build.0 = Debug|Any CPU
		{A76DB34C-2AD8-4048-A515-C9FC37C6C676}.Release|Any CPU.ActiveCfg = Release|Any CPU
		{A76DB34C-2AD8-4048-A515-C9FC37C6C676}.Release|Any CPU.Build.0 = Release|Any CPU
		{A6BB5318-5C21-4397-B6CD-37C084FC6A83}.Debug|Any CPU.ActiveCfg = Debug|Any CPU
		{A6BB5318-5C21-4397-B6CD-37C084FC6A83}.Debug|Any CPU.Build.0 = Debug|Any CPU
		{A6BB5318-5C21-4397-B6CD-37C084FC6A83}.Release|Any CPU.ActiveCfg = Release|Any CPU
		{A6BB5318-5C21-4397-B6CD-37C084FC6A83}.Release|Any CPU.Build.0 = Release|Any CPU
	EndGlobalSection
	GlobalSection(SolutionProperties) = preSolution
		HideSolutionNode = FALSE
	EndGlobalSection
	GlobalSection(ExtensibilityGlobals) = postSolution
		SolutionGuid = {FD9B63F3-E230-409B-A643-290A9B2597B5}
	EndGlobalSection
EndGlobal
